
Microsoft Visual Studio Solution File, Format Version 12.00
# Visual Studio 15
VisualStudioVersion = 15.0.27703.2042
MinimumVisualStudioVersion = 10.0.40219.1
Project("{FAE04EC0-301F-11D3-BF4B-00C04F79EFBC}") = "CryptoShifrXOR", "CryptoShifrXOR\CryptoShifrXOR.csproj", "{2DC4A191-C2E3-4DD4-82EA-5E91C4C1D617}"
EndProject
Global
	GlobalSection(SolutionConfigurationPlatforms) = preSolution
		Debug|Any CPU = Debug|Any CPU
		Release|Any CPU = Release|Any CPU
	EndGlobalSection
	GlobalSection(ProjectConfigurationPlatforms) = postSolution
		{2DC4A191-C2E3-4DD4-82EA-5E91C4C1D617}.Debug|Any CPU.ActiveCfg = Debug|Any CPU
		{2DC4A191-C2E3-4DD4-82EA-5E91C4C1D617}.Debug|Any CPU.Build.0 = Debug|Any CPU
		{2DC4A191-C2E3-4DD4-82EA-5E91C4C1D617}.Release|Any CPU.ActiveCfg = Release|Any CPU
		{2DC4A191-C2E3-4DD4-82EA-5E91C4C1D617}.Release|Any CPU.Build.0 = Release|Any CPU
	EndGlobalSection
	GlobalSection(SolutionProperties) = preSolution
		HideSolutionNode = FALSE
	EndGlobalSection
	GlobalSection(ExtensibilityGlobals) = postSolution
		SolutionGuid = {086614BE-BC53-45E7-803E-955D47188EDC}
	EndGlobalSection
EndGlobal
